
Microsoft Visual Studio Solution File, Format Version 12.00

=======
# Visual Studio Version 17
VisualStudioVersion = 17.2.32616.157
MinimumVisualStudioVersion = 10.0.40219.1
Project("{9A19103F-16F7-4668-BE54-9A1E7A4F7556}") = "Lorenzo-Todisco", "Lorenzo-Todisco\Lorenzo-Todisco.csproj", "{FFE6A55B-9AF5-447F-A7B2-4674D0D7611B}"
EndProject
Project("{9A19103F-16F7-4668-BE54-9A1E7A4F7556}") = "Jonathan-Lupini", "Jonathan-Lupini\Jonathan-Lupini.csproj", "{61927954-48D2-4391-B8F8-609E3904E2D1}"
EndProject
Project("{FAE04EC0-301F-11D3-BF4B-00C04F79EFBC}") = "Francesco-Carlucci", "Francesco-Carlucci\Francesco-Carlucci.csproj", "{6D12C27E-D7F6-4BEE-B652-E85996750B3F}"
EndProject
Project("{9A19103F-16F7-4668-BE54-9A1E7A4F7556}") = "CorradoStortini", "Corrado-Stortini\CorradoStortini.csproj", "{7447A4BC-2748-4423-970E-F2B629220B6E}"
EndProject
Global
	GlobalSection(SolutionConfigurationPlatforms) = preSolution
		Debug|Any CPU = Debug|Any CPU
		Release|Any CPU = Release|Any CPU
	EndGlobalSection
	GlobalSection(ProjectConfigurationPlatforms) = postSolution
		{7447A4BC-2748-4423-970E-F2B629220B6E}.Debug|Any CPU.ActiveCfg = Debug|Any CPU
		{7447A4BC-2748-4423-970E-F2B629220B6E}.Debug|Any CPU.Build.0 = Debug|Any CPU
		{7447A4BC-2748-4423-970E-F2B629220B6E}.Release|Any CPU.ActiveCfg = Release|Any CPU
		{7447A4BC-2748-4423-970E-F2B629220B6E}.Release|Any CPU.Build.0 = Release|Any CPU
		{FFE6A55B-9AF5-447F-A7B2-4674D0D7611B}.Debug|Any CPU.ActiveCfg = Debug|Any CPU
		{FFE6A55B-9AF5-447F-A7B2-4674D0D7611B}.Debug|Any CPU.Build.0 = Debug|Any CPU
		{FFE6A55B-9AF5-447F-A7B2-4674D0D7611B}.Release|Any CPU.ActiveCfg = Release|Any CPU
		{FFE6A55B-9AF5-447F-A7B2-4674D0D7611B}.Release|Any CPU.Build.0 = Release|Any CPU
		{61927954-48D2-4391-B8F8-609E3904E2D1}.Debug|Any CPU.ActiveCfg = Debug|Any CPU
		{61927954-48D2-4391-B8F8-609E3904E2D1}.Debug|Any CPU.Build.0 = Debug|Any CPU
		{61927954-48D2-4391-B8F8-609E3904E2D1}.Release|Any CPU.ActiveCfg = Release|Any CPU
		{61927954-48D2-4391-B8F8-609E3904E2D1}.Release|Any CPU.Build.0 = Release|Any CPU
		{6D12C27E-D7F6-4BEE-B652-E85996750B3F}.Debug|Any CPU.ActiveCfg = Debug|Any CPU
		{6D12C27E-D7F6-4BEE-B652-E85996750B3F}.Debug|Any CPU.Build.0 = Debug|Any CPU
		{6D12C27E-D7F6-4BEE-B652-E85996750B3F}.Release|Any CPU.ActiveCfg = Release|Any CPU
		{6D12C27E-D7F6-4BEE-B652-E85996750B3F}.Release|Any CPU.Build.0 = Release|Any CPU
	EndGlobalSection
	GlobalSection(SolutionProperties) = preSolution
		HideSolutionNode = FALSE
	EndGlobalSection
	GlobalSection(ExtensibilityGlobals) = postSolution
		SolutionGuid = {42BD9991-09EE-4CA2-B393-4D4EB8803950}
	EndGlobalSection
EndGlobal
